Microsoft Visual Studio Solution File, Format Version 12.00
# Visual Studio Version 17
VisualStudioVersion = 17.5.2.0
MinimumVisualStudioVersion = 10.0.40219.1
Project("{FAE04EC0-301F-11D3-BF4B-00C04F79EFBC}") = "longest_substring_without_repeats", "longest_substring_without_repeats.csproj", "{EBDB3BB6-AA36-D349-14DE-7E4F54E6A31B}"
EndProject
Global
	GlobalSection(SolutionConfigurationPlatforms) = preSolution
		Debug|Any CPU = Debug|Any CPU
		Release|Any CPU = Release|Any CPU
	EndGlobalSection
	GlobalSection(ProjectConfigurationPlatforms) = postSolution
		{EBDB3BB6-AA36-D349-14DE-7E4F54E6A31B}.Debug|Any CPU.ActiveCfg = Debug|Any CPU
		{EBDB3BB6-AA36-D349-14DE-7E4F54E6A31B}.Debug|Any CPU.Build.0 = Debug|Any CPU
		{EBDB3BB6-AA36-D349-14DE-7E4F54E6A31B}.Release|Any CPU.ActiveCfg = Release|Any CPU
		{EBDB3BB6-AA36-D349-14DE-7E4F54E6A31B}.Release|Any CPU.Build.0 = Release|Any CPU
	EndGlobalSection
	GlobalSection(SolutionProperties) = preSolution
		HideSolutionNode = FALSE
	EndGlobalSection
	GlobalSection(ExtensibilityGlobals) = postSolution
		SolutionGuid = {7823AC10-F60C-4708-809B-4DA46CFCBA74}
	EndGlobalSection
EndGlobal
