Microsoft Visual Studio Solution File, Format Version 12.00
# Visual Studio Version 17
VisualStudioVersion = 17.5.2.0
MinimumVisualStudioVersion = 10.0.40219.1
Project("{FAE04EC0-301F-11D3-BF4B-00C04F79EFBC}") = "best_time_to_buy_and_sell_stock", "best_time_to_buy_and_sell_stock.csproj", "{AE1271BB-62C2-DBF9-F6FF-BEAD2E24A0AD}"
EndProject
Global
	GlobalSection(SolutionConfigurationPlatforms) = preSolution
		Debug|Any CPU = Debug|Any CPU
		Release|Any CPU = Release|Any CPU
	EndGlobalSection
	GlobalSection(ProjectConfigurationPlatforms) = postSolution
		{AE1271BB-62C2-DBF9-F6FF-BEAD2E24A0AD}.Debug|Any CPU.ActiveCfg = Debug|Any CPU
		{AE1271BB-62C2-DBF9-F6FF-BEAD2E24A0AD}.Debug|Any CPU.Build.0 = Debug|Any CPU
		{AE1271BB-62C2-DBF9-F6FF-BEAD2E24A0AD}.Release|Any CPU.ActiveCfg = Release|Any CPU
		{AE1271BB-62C2-DBF9-F6FF-BEAD2E24A0AD}.Release|Any CPU.Build.0 = Release|Any CPU
	EndGlobalSection
	GlobalSection(SolutionProperties) = preSolution
		HideSolutionNode = FALSE
	EndGlobalSection
	GlobalSection(ExtensibilityGlobals) = postSolution
		SolutionGuid = {307BEF31-6A54-4410-ACB5-138EA571C12C}
	EndGlobalSection
EndGlobal
