Microsoft Visual Studio Solution File, Format Version 12.00
# Visual Studio Version 17
VisualStudioVersion = 17.5.2.0
MinimumVisualStudioVersion = 10.0.40219.1
Project("{FAE04EC0-301F-11D3-BF4B-00C04F79EFBC}") = "longest_repeating_char_replacement", "longest_repeating_char_replacement.csproj", "{D1987DD8-1044-4B09-F936-53E3EB2A2514}"
EndProject
Global
	GlobalSection(SolutionConfigurationPlatforms) = preSolution
		Debug|Any CPU = Debug|Any CPU
		Release|Any CPU = Release|Any CPU
	EndGlobalSection
	GlobalSection(ProjectConfigurationPlatforms) = postSolution
		{D1987DD8-1044-4B09-F936-53E3EB2A2514}.Debug|Any CPU.ActiveCfg = Debug|Any CPU
		{D1987DD8-1044-4B09-F936-53E3EB2A2514}.Debug|Any CPU.Build.0 = Debug|Any CPU
		{D1987DD8-1044-4B09-F936-53E3EB2A2514}.Release|Any CPU.ActiveCfg = Release|Any CPU
		{D1987DD8-1044-4B09-F936-53E3EB2A2514}.Release|Any CPU.Build.0 = Release|Any CPU
	EndGlobalSection
	GlobalSection(SolutionProperties) = preSolution
		HideSolutionNode = FALSE
	EndGlobalSection
	GlobalSection(ExtensibilityGlobals) = postSolution
		SolutionGuid = {06E5BDAD-8D43-4A1D-8489-9E278C7C3763}
	EndGlobalSection
EndGlobal
